// !$*UTF8*$!
{
	archiveVersion = 1;
	classes = {
	};
	objectVersion = 56;
	objects = {

/* Begin PBXBuildFile section */
		CC91E5B72A7C1347007810E8 /* Multipeer_ChatApp.swift in Sources */ = {isa = PBXBuildFile; fileRef = CC91E5B62A7C1347007810E8 /* Multipeer_ChatApp.swift */; };
		CC91E5B92A7C1347007810E8 /* ContentView.swift in Sources */ = {isa = PBXBuildFile; fileRef = CC91E5B82A7C1347007810E8 /* ContentView.swift */; };
		CC91E5BB2A7C1348007810E8 /* Assets.xcassets in Resources */ = {isa = PBXBuildFile; fileRef = CC91E5BA2A7C1348007810E8 /* Assets.xcassets */; };
		CC91E5BE2A7C1348007810E8 /* Preview Assets.xcassets in Resources */ = {isa = PBXBuildFile; fileRef = CC91E5BD2A7C1348007810E8 /* Preview Assets.xcassets */; };
		CC91E5C72A7C377E007810E8 /* PeerDevice.swift in Sources */ = {isa = PBXBuildFile; fileRef = CC91E5C62A7C377E007810E8 /* PeerDevice.swift */; };
		CC91E5C92A7C3794007810E8 /* PermitionRequest.swift in Sources */ = {isa = PBXBuildFile; fileRef = CC91E5C82A7C3794007810E8 /* PermitionRequest.swift */; };
		CC91E5CD2A7C37CC007810E8 /* DeviceFinderViewModel.swift in Sources */ = {isa = PBXBuildFile; fileRef = CC91E5CC2A7C37CC007810E8 /* DeviceFinderViewModel.swift */; };
		CC91E5D22A7C38F9007810E8 /* MessengerView.swift in Sources */ = {isa = PBXBuildFile; fileRef = CC91E5D12A7C38F9007810E8 /* MessengerView.swift */; };
		CC91E5D52A7E5E3B007810E8 /* SwiftyChat in Frameworks */ = {isa = PBXBuildFile; productRef = CC91E5D42A7E5E3B007810E8 /* SwiftyChat */; };
/* End PBXBuildFile section */

/* Begin PBXFileReference section */
		CC91E5B32A7C1347007810E8 /* Multipeer Chat.app */ = {isa = PBXFileReference; explicitFileType = wrapper.application; includeInIndex = 0; path = "Multipeer Chat.app"; sourceTree = BUILT_PRODUCTS_DIR; };
		CC91E5B62A7C1347007810E8 /* Multipeer_ChatApp.swift */ = {isa = PBXFileReference; lastKnownFileType = sourcecode.swift; path = Multipeer_ChatApp.swift; sourceTree = "<group>"; };
		CC91E5B82A7C1347007810E8 /* ContentView.swift */ = {isa = PBXFileReference; lastKnownFileType = sourcecode.swift; path = ContentView.swift; sourceTree = "<group>"; };
		CC91E5BA2A7C1348007810E8 /* Assets.xcassets */ = {isa = PBXFileReference; lastKnownFileType = folder.assetcatalog; path = Assets.xcassets; sourceTree = "<group>"; };
		CC91E5BD2A7C1348007810E8 /* Preview Assets.xcassets */ = {isa = PBXFileReference; lastKnownFileType = folder.assetcatalog; path = "Preview Assets.xcassets"; sourceTree = "<group>"; };
		CC91E5C42A7C17F3007810E8 /* Multipeer-Chat-Info.plist */ = {isa = PBXFileReference; lastKnownFileType = text.plist; path = "Multipeer-Chat-Info.plist"; sourceTree = SOURCE_ROOT; };
		CC91E5C62A7C377E007810E8 /* PeerDevice.swift */ = {isa = PBXFileReference; lastKnownFileType = sourcecode.swift; path = PeerDevice.swift; sourceTree = "<group>"; };
		CC91E5C82A7C3794007810E8 /* PermitionRequest.swift */ = {isa = PBXFileReference; lastKnownFileType = sourcecode.swift; path = PermitionRequest.swift; sourceTree = "<group>"; };
		CC91E5CC2A7C37CC007810E8 /* DeviceFinderViewModel.swift */ = {isa = PBXFileReference; lastKnownFileType = sourcecode.swift; path = DeviceFinderViewModel.swift; sourceTree = "<group>"; };
		CC91E5D12A7C38F9007810E8 /* MessengerView.swift */ = {isa = PBXFileReference; lastKnownFileType = sourcecode.swift; path = MessengerView.swift; sourceTree = "<group>"; };
/* End PBXFileReference section */

/* Begin PBXFrameworksBuildPhase section */
		CC91E5B02A7C1347007810E8 /* Frameworks */ = {
			isa = PBXFrameworksBuildPhase;
			buildActionMask = 2147483647;
			files = (
				CC91E5D52A7E5E3B007810E8 /* SwiftyChat in Frameworks */,
			);
			runOnlyForDeploymentPostprocessing = 0;
		};
/* End PBXFrameworksBuildPhase section */

/* Begin PBXGroup section */
		CC91E5AA2A7C1347007810E8 = {
			isa = PBXGroup;
			children = (
				CC91E5B52A7C1347007810E8 /* Multipeer Chat */,
				CC91E5B42A7C1347007810E8 /* Products */,
			);
			sourceTree = "<group>";
		};
		CC91E5B42A7C1347007810E8 /* Products */ = {
			isa = PBXGroup;
			children = (
				CC91E5B32A7C1347007810E8 /* Multipeer Chat.app */,
			);
			name = Products;
			sourceTree = "<group>";
		};
		CC91E5B52A7C1347007810E8 /* Multipeer Chat */ = {
			isa = PBXGroup;
			children = (
				CC91E5B62A7C1347007810E8 /* Multipeer_ChatApp.swift */,
				CC91E5C52A7C3777007810E8 /* Models */,
				CC91E5CA2A7C37A4007810E8 /* Views */,
				CC91E5CB2A7C37BE007810E8 /* ViewModels */,
				CC91E5C42A7C17F3007810E8 /* Multipeer-Chat-Info.plist */,
				CC91E5BA2A7C1348007810E8 /* Assets.xcassets */,
				CC91E5BC2A7C1348007810E8 /* Preview Content */,
			);
			path = "Multipeer Chat";
			sourceTree = "<group>";
		};
		CC91E5BC2A7C1348007810E8 /* Preview Content */ = {
			isa = PBXGroup;
			children = (
				CC91E5BD2A7C1348007810E8 /* Preview Assets.xcassets */,
			);
			path = "Preview Content";
			sourceTree = "<group>";
		};
		CC91E5C52A7C3777007810E8 /* Models */ = {
			isa = PBXGroup;
			children = (
				CC91E5C62A7C377E007810E8 /* PeerDevice.swift */,
				CC91E5C82A7C3794007810E8 /* PermitionRequest.swift */,
			);
			path = Models;
			sourceTree = "<group>";
		};
		CC91E5CA2A7C37A4007810E8 /* Views */ = {
			isa = PBXGroup;
			children = (
				CC91E5B82A7C1347007810E8 /* ContentView.swift */,
				CC91E5D12A7C38F9007810E8 /* MessengerView.swift */,
			);
			path = Views;
			sourceTree = "<group>";
		};
		CC91E5CB2A7C37BE007810E8 /* ViewModels */ = {
			isa = PBXGroup;
			children = (
				CC91E5CC2A7C37CC007810E8 /* DeviceFinderViewModel.swift */,
			);
			path = ViewModels;
			sourceTree = "<group>";
		};
/* End PBXGroup section */

/* Begin PBXNativeTarget section */
		CC91E5B22A7C1347007810E8 /* Multipeer Chat */ = {
			isa = PBXNativeTarget;
			buildConfigurationList = CC91E5C12A7C1348007810E8 /* Build configuration list for PBXNativeTarget "Multipeer Chat" */;
			buildPhases = (
				CC91E5AF2A7C1347007810E8 /* Sources */,
				CC91E5B02A7C1347007810E8 /* Frameworks */,
				CC91E5B12A7C1347007810E8 /* Resources */,
			);
			buildRules = (
			);
			dependencies = (
			);
			name = "Multipeer Chat";
			packageProductDependencies = (
				CC91E5D42A7E5E3B007810E8 /* SwiftyChat */,
			);
			productName = "Multipeer Chat";
			productReference = CC91E5B32A7C1347007810E8 /* Multipeer Chat.app */;
			productType = "com.apple.product-type.application";
		};
/* End PBXNativeTarget section */

/* Begin PBXProject section */
		CC91E5AB2A7C1347007810E8 /* Project object */ = {
			isa = PBXProject;
			attributes = {
				BuildIndependentTargetsInParallel = 1;
				LastSwiftUpdateCheck = 1430;
				LastUpgradeCheck = 1430;
				TargetAttributes = {
					CC91E5B22A7C1347007810E8 = {
						CreatedOnToolsVersion = 14.3.1;
					};
				};
			};
			buildConfigurationList = CC91E5AE2A7C1347007810E8 /* Build configuration list for PBXProject "Multipeer Chat" */;
			compatibilityVersion = "Xcode 14.0";
			developmentRegion = en;
			hasScannedForEncodings = 0;
			knownRegions = (
				en,
				Base,
			);
			mainGroup = CC91E5AA2A7C1347007810E8;
			packageReferences = (
				CC91E5D32A7E5E3B007810E8 /* XCRemoteSwiftPackageReference "SwiftyChat" */,
			);
			productRefGroup = CC91E5B42A7C1347007810E8 /* Products */;
			projectDirPath = "";
			projectRoot = "";
			targets = (
				CC91E5B22A7C1347007810E8 /* Multipeer Chat */,
			);
		};
/* End PBXProject section */

/* Begin PBXResourcesBuildPhase section */
		CC91E5B12A7C1347007810E8 /* Resources */ = {
			isa = PBXResourcesBuildPhase;
			buildActionMask = 2147483647;
			files = (
				CC91E5BE2A7C1348007810E8 /* Preview Assets.xcassets in Resources */,
				CC91E5BB2A7C1348007810E8 /* Assets.xcassets in Resources */,
			);
			runOnlyForDeploymentPostprocessing = 0;
		};
/* End PBXResourcesBuildPhase section */

/* Begin PBXSourcesBuildPhase section */
		CC91E5AF2A7C1347007810E8 /* Sources */ = {
			isa = PBXSourcesBuildPhase;
			buildActionMask = 2147483647;
			files = (
				CC91E5D22A7C38F9007810E8 /* MessengerView.swift in Sources */,
				CC91E5CD2A7C37CC007810E8 /* DeviceFinderViewModel.swift in Sources */,
				CC91E5B92A7C1347007810E8 /* ContentView.swift in Sources */,
				CC91E5C92A7C3794007810E8 /* PermitionRequest.swift in Sources */,
				CC91E5B72A7C1347007810E8 /* Multipeer_ChatApp.swift in Sources */,
				CC91E5C72A7C377E007810E8 /* PeerDevice.swift in Sources */,
			);
			runOnlyForDeploymentPostprocessing = 0;
		};
/* End PBXSourcesBuildPhase section */

/* Begin XCBuildConfiguration section */
		CC91E5BF2A7C1348007810E8 /* Debug */ = {
			isa = XCBuildConfiguration;
			buildSettings = {
				ALWAYS_SEARCH_USER_PATHS = NO;
				CLANG_ANALYZER_NONNULL = YES;
				CLANG_ANALYZER_NUMBER_OBJECT_CONVERSION = YES_AGGRESSIVE;
				CLANG_CXX_LANGUAGE_STANDARD = "gnu++20";
				CLANG_ENABLE_MODULES = YES;
				CLANG_ENABLE_OBJC_ARC = YES;
				CLANG_ENABLE_OBJC_WEAK = YES;
				CLANG_WARN_BLOCK_CAPTURE_AUTORELEASING = YES;
				CLANG_WARN_BOOL_CONVERSION = YES;
				CLANG_WARN_COMMA = YES;
				CLANG_WARN_CONSTANT_CONVERSION = YES;
				CLANG_WARN_DEPRECATED_OBJC_IMPLEMENTATIONS = YES;
				CLANG_WARN_DIRECT_OBJC_ISA_USAGE = YES_ERROR;
				CLANG_WARN_DOCUMENTATION_COMMENTS = YES;
				CLANG_WARN_EMPTY_BODY = YES;
				CLANG_WARN_ENUM_CONVERSION = YES;
				CLANG_WARN_INFINITE_RECURSION = YES;
				CLANG_WARN_INT_CONVERSION = YES;
				CLANG_WARN_NON_LITERAL_NULL_CONVERSION = YES;
				CLANG_WARN_OBJC_IMPLICIT_RETAIN_SELF = YES;
				CLANG_WARN_OBJC_LITERAL_CONVERSION = YES;
				CLANG_WARN_OBJC_ROOT_CLASS = YES_ERROR;
				CLANG_WARN_QUOTED_INCLUDE_IN_FRAMEWORK_HEADER = YES;
				CLANG_WARN_RANGE_LOOP_ANALYSIS = YES;
				CLANG_WARN_STRICT_PROTOTYPES = YES;
				CLANG_WARN_SUSPICIOUS_MOVE = YES;
				CLANG_WARN_UNGUARDED_AVAILABILITY = YES_AGGRESSIVE;
				CLANG_WARN_UNREACHABLE_CODE = YES;
				CLANG_WARN__DUPLICATE_METHOD_MATCH = YES;
				COPY_PHASE_STRIP = NO;
				DEBUG_INFORMATION_FORMAT = dwarf;
				ENABLE_STRICT_OBJC_MSGSEND = YES;
				ENABLE_TESTABILITY = YES;
				GCC_C_LANGUAGE_STANDARD = gnu11;
				GCC_DYNAMIC_NO_PIC = NO;
				GCC_NO_COMMON_BLOCKS = YES;
				GCC_OPTIMIZATION_LEVEL = 0;
				GCC_PREPROCESSOR_DEFINITIONS = (
					"DEBUG=1",
					"$(inherited)",
				);
				GCC_WARN_64_TO_32_BIT_CONVERSION = YES;
				GCC_WARN_ABOUT_RETURN_TYPE = YES_ERROR;
				GCC_WARN_UNDECLARED_SELECTOR = YES;
				GCC_WARN_UNINITIALIZED_AUTOS = YES_AGGRESSIVE;
				GCC_WARN_UNUSED_FUNCTION = YES;
				GCC_WARN_UNUSED_VARIABLE = YES;
				IPHONEOS_DEPLOYMENT_TARGET = 16.4;
				MTL_ENABLE_DEBUG_INFO = INCLUDE_SOURCE;
				MTL_FAST_MATH = YES;
				ONLY_ACTIVE_ARCH = YES;
				SDKROOT = iphoneos;
				SWIFT_ACTIVE_COMPILATION_CONDITIONS = DEBUG;
				SWIFT_OPTIMIZATION_LEVEL = "-Onone";
			};
			name = Debug;
		};
		CC91E5C02A7C1348007810E8 /* Release */ = {
			isa = XCBuildConfiguration;
			buildSettings = {
				ALWAYS_SEARCH_USER_PATHS = NO;
				CLANG_ANALYZER_NONNULL = YES;
				CLANG_ANALYZER_NUMBER_OBJECT_CONVERSION = YES_AGGRESSIVE;
				CLANG_CXX_LANGUAGE_STANDARD = "gnu++20";
				CLANG_ENABLE_MODULES = YES;
				CLANG_ENABLE_OBJC_ARC = YES;
				CLANG_ENABLE_OBJC_WEAK = YES;
				CLANG_WARN_BLOCK_CAPTURE_AUTORELEASING = YES;
				CLANG_WARN_BOOL_CONVERSION = YES;
				CLANG_WARN_COMMA = YES;
				CLANG_WARN_CONSTANT_CONVERSION = YES;
				CLANG_WARN_DEPRECATED_OBJC_IMPLEMENTATIONS = YES;
				CLANG_WARN_DIRECT_OBJC_ISA_USAGE = YES_ERROR;
				CLANG_WARN_DOCUMENTATION_COMMENTS = YES;
				CLANG_WARN_EMPTY_BODY = YES;
				CLANG_WARN_ENUM_CONVERSION = YES;
				CLANG_WARN_INFINITE_RECURSION = YES;
				CLANG_WARN_INT_CONVERSION = YES;
				CLANG_WARN_NON_LITERAL_NULL_CONVERSION = YES;
				CLANG_WARN_OBJC_IMPLICIT_RETAIN_SELF = YES;
				CLANG_WARN_OBJC_LITERAL_CONVERSION = YES;
				CLANG_WARN_OBJC_ROOT_CLASS = YES_ERROR;
				CLANG_WARN_QUOTED_INCLUDE_IN_FRAMEWORK_HEADER = YES;
				CLANG_WARN_RANGE_LOOP_ANALYSIS = YES;
				CLANG_WARN_STRICT_PROTOTYPES = YES;
				CLANG_WARN_SUSPICIOUS_MOVE = YES;
				CLANG_WARN_UNGUARDED_AVAILABILITY = YES_AGGRESSIVE;
				CLANG_WARN_UNREACHABLE_CODE = YES;
				CLANG_WARN__DUPLICATE_METHOD_MATCH = YES;
				COPY_PHASE_STRIP = NO;
				DEBUG_INFORMATION_FORMAT = "dwarf-with-dsym";
				ENABLE_NS_ASSERTIONS = NO;
				ENABLE_STRICT_OBJC_MSGSEND = YES;
				GCC_C_LANGUAGE_STANDARD = gnu11;
				GCC_NO_COMMON_BLOCKS = YES;
				GCC_WARN_64_TO_32_BIT_CONVERSION = YES;
				GCC_WARN_ABOUT_RETURN_TYPE = YES_ERROR;
				GCC_WARN_UNDECLARED_SELECTOR = YES;
				GCC_WARN_UNINITIALIZED_AUTOS = YES_AGGRESSIVE;
				GCC_WARN_UNUSED_FUNCTION = YES;
				GCC_WARN_UNUSED_VARIABLE = YES;
				IPHONEOS_DEPLOYMENT_TARGET = 16.4;
				MTL_ENABLE_DEBUG_INFO = NO;
				MTL_FAST_MATH = YES;
				SDKROOT = iphoneos;
				SWIFT_COMPILATION_MODE = wholemodule;
				SWIFT_OPTIMIZATION_LEVEL = "-O";
				VALIDATE_PRODUCT = YES;
			};
			name = Release;
		};
		CC91E5C22A7C1348007810E8 /* Debug */ = {
			isa = XCBuildConfiguration;
			buildSettings = {
				ASSETCATALOG_COMPILER_APPICON_NAME = AppIcon;
				ASSETCATALOG_COMPILER_GLOBAL_ACCENT_COLOR_NAME = AccentColor;
				CODE_SIGN_STYLE = Automatic;
				CURRENT_PROJECT_VERSION = 1;
				DEVELOPMENT_ASSET_PATHS = "\"Multipeer Chat/Preview Content\"";
				DEVELOPMENT_TEAM = APYL42WZVK;
				ENABLE_PREVIEWS = YES;
				GENERATE_INFOPLIST_FILE = YES;
				INFOPLIST_FILE = "Multipeer-Chat-Info.plist";
				INFOPLIST_KEY_NSLocalNetworkUsageDescription = "The app will ask your permission to discover nearby devices for chatting with them";
				INFOPLIST_KEY_UIApplicationSceneManifest_Generation = YES;
				INFOPLIST_KEY_UIApplicationSupportsIndirectInputEvents = YES;
				INFOPLIST_KEY_UILaunchScreen_Generation = YES;
				INFOPLIST_KEY_UISupportedInterfaceOrientations_iPad = "UIInterfaceOrientationPortrait UIInterfaceOrientationPortraitUpsideDown UIInterfaceOrientationLandscapeLeft UIInterfaceOrientationLandscapeRight";
				INFOPLIST_KEY_UISupportedInterfaceOrientations_iPhone = "UIInterfaceOrientationPortrait UIInterfaceOrientationLandscapeLeft UIInterfaceOrientationLandscapeRight";
				IPHONEOS_DEPLOYMENT_TARGET = 16.4;
				LD_RUNPATH_SEARCH_PATHS = (
					"$(inherited)",
					"@executable_path/Frameworks",
				);
				MARKETING_VERSION = 1.0;
				PRODUCT_BUNDLE_IDENTIFIER = "com.multipeer.Multipeer-Chat";
				PRODUCT_NAME = "$(TARGET_NAME)";
				SWIFT_EMIT_LOC_STRINGS = YES;
				SWIFT_VERSION = 5.0;
				TARGETED_DEVICE_FAMILY = "1,2";
			};
			name = Debug;
		};
		CC91E5C32A7C1348007810E8 /* Release */ = {
			isa = XCBuildConfiguration;
			buildSettings = {
				ASSETCATALOG_COMPILER_APPICON_NAME = AppIcon;
				ASSETCATALOG_COMPILER_GLOBAL_ACCENT_COLOR_NAME = AccentColor;
				CODE_SIGN_STYLE = Automatic;
				CURRENT_PROJECT_VERSION = 1;
				DEVELOPMENT_ASSET_PATHS = "\"Multipeer Chat/Preview Content\"";
				DEVELOPMENT_TEAM = APYL42WZVK;
				ENABLE_PREVIEWS = YES;
				GENERATE_INFOPLIST_FILE = YES;
				INFOPLIST_FILE = "Multipeer-Chat-Info.plist";
				INFOPLIST_KEY_NSLocalNetworkUsageDescription = "The app will ask your permission to discover nearby devices for chatting with them";
				INFOPLIST_KEY_UIApplicationSceneManifest_Generation = YES;
				INFOPLIST_KEY_UIApplicationSupportsIndirectInputEvents = YES;
				INFOPLIST_KEY_UILaunchScreen_Generation = YES;
				INFOPLIST_KEY_UISupportedInterfaceOrientations_iPad = "UIInterfaceOrientationPortrait UIInterfaceOrientationPortraitUpsideDown UIInterfaceOrientationLandscapeLeft UIInterfaceOrientationLandscapeRight";
				INFOPLIST_KEY_UISupportedInterfaceOrientations_iPhone = "UIInterfaceOrientationPortrait UIInterfaceOrientationLandscapeLeft UIInterfaceOrientationLandscapeRight";
				IPHONEOS_DEPLOYMENT_TARGET = 16.4;
				LD_RUNPATH_SEARCH_PATHS = (
					"$(inherited)",
					"@executable_path/Frameworks",
				);
				MARKETING_VERSION = 1.0;
				PRODUCT_BUNDLE_IDENTIFIER = "com.multipeer.Multipeer-Chat";
				PRODUCT_NAME = "$(TARGET_NAME)";
				SWIFT_EMIT_LOC_STRINGS = YES;
				SWIFT_VERSION = 5.0;
				TARGETED_DEVICE_FAMILY = "1,2";
			};
			name = Release;
		};
/* End XCBuildConfiguration section */

/* Begin XCConfigurationList section */
		CC91E5AE2A7C1347007810E8 /* Build configuration list for PBXProject "Multipeer Chat" */ = {
			isa = XCConfigurationList;
			buildConfigurations = (
				CC91E5BF2A7C1348007810E8 /* Debug */,
				CC91E5C02A7C1348007810E8 /* Release */,
			);
			defaultConfigurationIsVisible = 0;
			defaultConfigurationName = Release;
		};
		CC91E5C12A7C1348007810E8 /* Build configuration list for PBXNativeTarget "Multipeer Chat" */ = {
			isa = XCConfigurationList;
			buildConfigurations = (
				CC91E5C22A7C1348007810E8 /* Debug */,
				CC91E5C32A7C1348007810E8 /* Release */,
			);
			defaultConfigurationIsVisible = 0;
			defaultConfigurationName = Release;
		};
/* End XCConfigurationList section */

/* Begin XCRemoteSwiftPackageReference section */
		CC91E5D32A7E5E3B007810E8 /* XCRemoteSwiftPackageReference "SwiftyChat" */ = {
			isa = XCRemoteSwiftPackageReference;
			repositoryURL = "https://github.com/EnesKaraosman/SwiftyChat";
			requirement = {
				kind = upToNextMajorVersion;
				minimumVersion = 2.0.0;
			};
		};
/* End XCRemoteSwiftPackageReference section */

/* Begin XCSwiftPackageProductDependency section */
		CC91E5D42A7E5E3B007810E8 /* SwiftyChat */ = {
			isa = XCSwiftPackageProductDependency;
			package = CC91E5D32A7E5E3B007810E8 /* XCRemoteSwiftPackageReference "SwiftyChat" */;
			productName = SwiftyChat;
		};
/* End XCSwiftPackageProductDependency section */
	};
	rootObject = CC91E5AB2A7C1347007810E8 /* Project object */;
}
